{
    "name": "backend",
    "version": "1.0.0",
    "lockfileVersion": 1,
    "requires": true,
    "dependencies": {
        "@types/uuid": {
            "version": "8.0.1",
            "resolved": "https://registry.npmjs.org/@types/uuid/-/uuid-8.0.1.tgz",
            "integrity": "sha512-2kE8rEFgJpbBAPw5JghccEevQb0XVU0tewF/8h7wPQTeCtoJ6h8qmBIwuzUVm2MutmzC/cpCkwxudixoNYDp1A=="
        },
        "uuid": {
            "version": "8.3.0",
            "resolved": "https://registry.npmjs.org/uuid/-/uuid-8.3.0.tgz",
            "integrity": "sha512-fX6Z5o4m6XsXBdli9g7DtWgAx+osMsRRZFKma1mIUsLCz6vRvv+pz5VNbyu9UEDzpMWulZfvpgb/cmDXVulYFQ=="
        }
    }
}
